// !$*UTF8*$!
{
	archiveVersion = 1;
	classes = {
	};
	objectVersion = 50;
	objects = {

/* Begin PBXBuildFile section */
		6E292751246A5BF100546C36 /* CurrentWeatherData.swift in Sources */ = {isa = PBXBuildFile; fileRef = 6E292750246A5BF100546C36 /* CurrentWeatherData.swift */; };
		6E292753246AA37A00546C36 /* CurrenfWeather.swift in Sources */ = {isa = PBXBuildFile; fileRef = 6E292752246AA37A00546C36 /* CurrenfWeather.swift */; };
		6EA671372455AA95007715F3 /* AppDelegate.swift in Sources */ = {isa = PBXBuildFile; fileRef = 6EA671362455AA95007715F3 /* AppDelegate.swift */; };
		6EA671392455AA95007715F3 /* SceneDelegate.swift in Sources */ = {isa = PBXBuildFile; fileRef = 6EA671382455AA95007715F3 /* SceneDelegate.swift */; };
		6EA6713B2455AA95007715F3 /* ViewController.swift in Sources */ = {isa = PBXBuildFile; fileRef = 6EA6713A2455AA95007715F3 /* ViewController.swift */; };
		6EA6713E2455AA95007715F3 /* Main.storyboard in Resources */ = {isa = PBXBuildFile; fileRef = 6EA6713C2455AA95007715F3 /* Main.storyboard */; };
		6EA671412455AA95007715F3 /* weather.xcdatamodeld in Sources */ = {isa = PBXBuildFile; fileRef = 6EA6713F2455AA95007715F3 /* weather.xcdatamodeld */; };
		6EA671432455AA97007715F3 /* Assets.xcassets in Resources */ = {isa = PBXBuildFile; fileRef = 6EA671422455AA97007715F3 /* Assets.xcassets */; };
		6EA671462455AA97007715F3 /* LaunchScreen.storyboard in Resources */ = {isa = PBXBuildFile; fileRef = 6EA671442455AA97007715F3 /* LaunchScreen.storyboard */; };
		6EA6715324641A03007715F3 /* viewController+alertController.swift in Sources */ = {isa = PBXBuildFile; fileRef = 6EA6715224641A03007715F3 /* viewController+alertController.swift */; };
		6EA6715524693477007715F3 /* NetworkWeatherManager.swift in Sources */ = {isa = PBXBuildFile; fileRef = 6EA6715424693477007715F3 /* NetworkWeatherManager.swift */; };
		6EA67157246936CA007715F3 /* Contstants.swift in Sources */ = {isa = PBXBuildFile; fileRef = 6EA67156246936CA007715F3 /* Contstants.swift */; };
/* End PBXBuildFile section */

/* Begin PBXFileReference section */
		6E292750246A5BF100546C36 /* CurrentWeatherData.swift */ = {isa = PBXFileReference; lastKnownFileType = sourcecode.swift; path = CurrentWeatherData.swift; sourceTree = "<group>"; };
		6E292752246AA37A00546C36 /* CurrenfWeather.swift */ = {isa = PBXFileReference; lastKnownFileType = sourcecode.swift; path = CurrenfWeather.swift; sourceTree = "<group>"; };
		6EA671332455AA95007715F3 /* weather.app */ = {isa = PBXFileReference; explicitFileType = wrapper.application; includeInIndex = 0; path = weather.app; sourceTree = BUILT_PRODUCTS_DIR; };
		6EA671362455AA95007715F3 /* AppDelegate.swift */ = {isa = PBXFileReference; lastKnownFileType = sourcecode.swift; path = AppDelegate.swift; sourceTree = "<group>"; };
		6EA671382455AA95007715F3 /* SceneDelegate.swift */ = {isa = PBXFileReference; lastKnownFileType = sourcecode.swift; path = SceneDelegate.swift; sourceTree = "<group>"; };
		6EA6713A2455AA95007715F3 /* ViewController.swift */ = {isa = PBXFileReference; lastKnownFileType = sourcecode.swift; name = ViewController.swift; path = "weather/View Controllers/ViewController.swift"; sourceTree = SOURCE_ROOT; };
		6EA6713D2455AA95007715F3 /* Base */ = {isa = PBXFileReference; lastKnownFileType = file.storyboard; name = Base; path = Base.lproj/Main.storyboard; sourceTree = "<group>"; };
		6EA671402455AA95007715F3 /* weather.xcdatamodel */ = {isa = PBXFileReference; lastKnownFileType = wrapper.xcdatamodel; path = weather.xcdatamodel; sourceTree = "<group>"; };
		6EA671422455AA97007715F3 /* Assets.xcassets */ = {isa = PBXFileReference; lastKnownFileType = folder.assetcatalog; path = Assets.xcassets; sourceTree = "<group>"; };
		6EA671452455AA97007715F3 /* Base */ = {isa = PBXFileReference; lastKnownFileType = file.storyboard; name = Base; path = Base.lproj/LaunchScreen.storyboard; sourceTree = "<group>"; };
		6EA671472455AA97007715F3 /* Info.plist */ = {isa = PBXFileReference; lastKnownFileType = text.plist.xml; name = Info.plist; path = "weather/Supporting Files/Info.plist"; sourceTree = SOURCE_ROOT; };
		6EA6715224641A03007715F3 /* viewController+alertController.swift */ = {isa = PBXFileReference; lastKnownFileType = sourcecode.swift; path = "viewController+alertController.swift"; sourceTree = "<group>"; };
		6EA6715424693477007715F3 /* NetworkWeatherManager.swift */ = {isa = PBXFileReference; lastKnownFileType = sourcecode.swift; path = NetworkWeatherManager.swift; sourceTree = "<group>"; };
		6EA67156246936CA007715F3 /* Contstants.swift */ = {isa = PBXFileReference; lastKnownFileType = sourcecode.swift; path = Contstants.swift; sourceTree = "<group>"; };
/* End PBXFileReference section */

/* Begin PBXFrameworksBuildPhase section */
		6EA671302455AA95007715F3 /* Frameworks */ = {
			isa = PBXFrameworksBuildPhase;
			buildActionMask = 2147483647;
			files = (
			);
			runOnlyForDeploymentPostprocessing = 0;
		};
/* End PBXFrameworksBuildPhase section */

/* Begin PBXGroup section */
		6EA6712A2455AA95007715F3 = {
			isa = PBXGroup;
			children = (
				6EA671352455AA95007715F3 /* weather */,
				6EA671342455AA95007715F3 /* Products */,
			);
			sourceTree = "<group>";
		};
		6EA671342455AA95007715F3 /* Products */ = {
			isa = PBXGroup;
			children = (
				6EA671332455AA95007715F3 /* weather.app */,
			);
			name = Products;
			sourceTree = "<group>";
		};
		6EA671352455AA95007715F3 /* weather */ = {
			isa = PBXGroup;
			children = (
				6EA6714D2455C6DD007715F3 /* Extensions */,
				6EA6714E2455C6F9007715F3 /* Views */,
				6EA6714F2455C723007715F3 /* Models */,
				6EA671502455C736007715F3 /* View Controllers */,
				6EA671512455C75C007715F3 /* Supporting Files */,
			);
			path = weather;
			sourceTree = "<group>";
		};
		6EA6714D2455C6DD007715F3 /* Extensions */ = {
			isa = PBXGroup;
			children = (
				6EA6715224641A03007715F3 /* viewController+alertController.swift */,
			);
			path = Extensions;
			sourceTree = "<group>";
		};
		6EA6714E2455C6F9007715F3 /* Views */ = {
			isa = PBXGroup;
			children = (
				6EA6713C2455AA95007715F3 /* Main.storyboard */,
			);
			path = Views;
			sourceTree = "<group>";
		};
		6EA6714F2455C723007715F3 /* Models */ = {
			isa = PBXGroup;
			children = (
				6EA6715424693477007715F3 /* NetworkWeatherManager.swift */,
				6E292750246A5BF100546C36 /* CurrentWeatherData.swift */,
				6E292752246AA37A00546C36 /* CurrenfWeather.swift */,
			);
			path = Models;
			sourceTree = "<group>";
		};
		6EA671502455C736007715F3 /* View Controllers */ = {
			isa = PBXGroup;
			children = (
				6EA6713A2455AA95007715F3 /* ViewController.swift */,
			);
			path = "View Controllers";
			sourceTree = "<group>";
		};
		6EA671512455C75C007715F3 /* Supporting Files */ = {
			isa = PBXGroup;
			children = (
				6EA671362455AA95007715F3 /* AppDelegate.swift */,
				6EA671442455AA97007715F3 /* LaunchScreen.storyboard */,
				6EA671382455AA95007715F3 /* SceneDelegate.swift */,
				6EA6713F2455AA95007715F3 /* weather.xcdatamodeld */,
				6EA671422455AA97007715F3 /* Assets.xcassets */,
				6EA671472455AA97007715F3 /* Info.plist */,
				6EA67156246936CA007715F3 /* Contstants.swift */,
			);
			path = "Supporting Files";
			sourceTree = "<group>";
		};
/* End PBXGroup section */

/* Begin PBXNativeTarget section */
		6EA671322455AA95007715F3 /* weather */ = {
			isa = PBXNativeTarget;
			buildConfigurationList = 6EA6714A2455AA97007715F3 /* Build configuration list for PBXNativeTarget "weather" */;
			buildPhases = (
				6EA6712F2455AA95007715F3 /* Sources */,
				6EA671302455AA95007715F3 /* Frameworks */,
				6EA671312455AA95007715F3 /* Resources */,
			);
			buildRules = (
			);
			dependencies = (
			);
			name = weather;
			productName = weather;
			productReference = 6EA671332455AA95007715F3 /* weather.app */;
			productType = "com.apple.product-type.application";
		};
/* End PBXNativeTarget section */

/* Begin PBXProject section */
		6EA6712B2455AA95007715F3 /* Project object */ = {
			isa = PBXProject;
			attributes = {
				LastSwiftUpdateCheck = 1130;
				LastUpgradeCheck = 1130;
				ORGANIZATIONNAME = liza;
				TargetAttributes = {
					6EA671322455AA95007715F3 = {
						CreatedOnToolsVersion = 11.3.1;
					};
				};
			};
			buildConfigurationList = 6EA6712E2455AA95007715F3 /* Build configuration list for PBXProject "weather" */;
			compatibilityVersion = "Xcode 9.3";
			developmentRegion = en;
			hasScannedForEncodings = 0;
			knownRegions = (
				en,
				Base,
			);
			mainGroup = 6EA6712A2455AA95007715F3;
			productRefGroup = 6EA671342455AA95007715F3 /* Products */;
			projectDirPath = "";
			projectRoot = "";
			targets = (
				6EA671322455AA95007715F3 /* weather */,
			);
		};
/* End PBXProject section */

/* Begin PBXResourcesBuildPhase section */
		6EA671312455AA95007715F3 /* Resources */ = {
			isa = PBXResourcesBuildPhase;
			buildActionMask = 2147483647;
			files = (
				6EA671462455AA97007715F3 /* LaunchScreen.storyboard in Resources */,
				6EA671432455AA97007715F3 /* Assets.xcassets in Resources */,
				6EA6713E2455AA95007715F3 /* Main.storyboard in Resources */,
			);
			runOnlyForDeploymentPostprocessing = 0;
		};
/* End PBXResourcesBuildPhase section */

/* Begin PBXSourcesBuildPhase section */
		6EA6712F2455AA95007715F3 /* Sources */ = {
			isa = PBXSourcesBuildPhase;
			buildActionMask = 2147483647;
			files = (
				6E292753246AA37A00546C36 /* CurrenfWeather.swift in Sources */,
				6E292751246A5BF100546C36 /* CurrentWeatherData.swift in Sources */,
				6EA671412455AA95007715F3 /* weather.xcdatamodeld in Sources */,
				6EA6713B2455AA95007715F3 /* ViewController.swift in Sources */,
				6EA6715324641A03007715F3 /* viewController+alertController.swift in Sources */,
				6EA6715524693477007715F3 /* NetworkWeatherManager.swift in Sources */,
				6EA671372455AA95007715F3 /* AppDelegate.swift in Sources */,
				6EA67157246936CA007715F3 /* Contstants.swift in Sources */,
				6EA671392455AA95007715F3 /* SceneDelegate.swift in Sources */,
			);
			runOnlyForDeploymentPostprocessing = 0;
		};
/* End PBXSourcesBuildPhase section */

/* Begin PBXVariantGroup section */
		6EA6713C2455AA95007715F3 /* Main.storyboard */ = {
			isa = PBXVariantGroup;
			children = (
				6EA6713D2455AA95007715F3 /* Base */,
			);
			name = Main.storyboard;
			sourceTree = "<group>";
		};
		6EA671442455AA97007715F3 /* LaunchScreen.storyboard */ = {
			isa = PBXVariantGroup;
			children = (
				6EA671452455AA97007715F3 /* Base */,
			);
			name = LaunchScreen.storyboard;
			sourceTree = "<group>";
		};
/* End PBXVariantGroup section */

/* Begin XCBuildConfiguration section */
		6EA671482455AA97007715F3 /* Debug */ = {
			isa = XCBuildConfiguration;
			buildSettings = {
				ALWAYS_SEARCH_USER_PATHS = NO;
				CLANG_ANALYZER_NONNULL = YES;
				CLANG_ANALYZER_NUMBER_OBJECT_CONVERSION = YES_AGGRESSIVE;
				CLANG_CXX_LANGUAGE_STANDARD = "gnu++14";
				CLANG_CXX_LIBRARY = "libc++";
				CLANG_ENABLE_MODULES = YES;
				CLANG_ENABLE_OBJC_ARC = YES;
				CLANG_ENABLE_OBJC_WEAK = YES;
				CLANG_WARN_BLOCK_CAPTURE_AUTORELEASING = YES;
				CLANG_WARN_BOOL_CONVERSION = YES;
				CLANG_WARN_COMMA = YES;
				CLANG_WARN_CONSTANT_CONVERSION = YES;
				CLANG_WARN_DEPRECATED_OBJC_IMPLEMENTATIONS = YES;
				CLANG_WARN_DIRECT_OBJC_ISA_USAGE = YES_ERROR;
				CLANG_WARN_DOCUMENTATION_COMMENTS = YES;
				CLANG_WARN_EMPTY_BODY = YES;
				CLANG_WARN_ENUM_CONVERSION = YES;
				CLANG_WARN_INFINITE_RECURSION = YES;
				CLANG_WARN_INT_CONVERSION = YES;
				CLANG_WARN_NON_LITERAL_NULL_CONVERSION = YES;
				CLANG_WARN_OBJC_IMPLICIT_RETAIN_SELF = YES;
				CLANG_WARN_OBJC_LITERAL_CONVERSION = YES;
				CLANG_WARN_OBJC_ROOT_CLASS = YES_ERROR;
				CLANG_WARN_RANGE_LOOP_ANALYSIS = YES;
				CLANG_WARN_STRICT_PROTOTYPES = YES;
				CLANG_WARN_SUSPICIOUS_MOVE = YES;
				CLANG_WARN_UNGUARDED_AVAILABILITY = YES_AGGRESSIVE;
				CLANG_WARN_UNREACHABLE_CODE = YES;
				CLANG_WARN__DUPLICATE_METHOD_MATCH = YES;
				COPY_PHASE_STRIP = NO;
				DEBUG_INFORMATION_FORMAT = dwarf;
				ENABLE_STRICT_OBJC_MSGSEND = YES;
				ENABLE_TESTABILITY = YES;
				GCC_C_LANGUAGE_STANDARD = gnu11;
				GCC_DYNAMIC_NO_PIC = NO;
				GCC_NO_COMMON_BLOCKS = YES;
				GCC_OPTIMIZATION_LEVEL = 0;
				GCC_PREPROCESSOR_DEFINITIONS = (
					"DEBUG=1",
					"$(inherited)",
				);
				GCC_WARN_64_TO_32_BIT_CONVERSION = YES;
				GCC_WARN_ABOUT_RETURN_TYPE = YES_ERROR;
				GCC_WARN_UNDECLARED_SELECTOR = YES;
				GCC_WARN_UNINITIALIZED_AUTOS = YES_AGGRESSIVE;
				GCC_WARN_UNUSED_FUNCTION = YES;
				GCC_WARN_UNUSED_VARIABLE = YES;
				IPHONEOS_DEPLOYMENT_TARGET = 13.2;
				MTL_ENABLE_DEBUG_INFO = INCLUDE_SOURCE;
				MTL_FAST_MATH = YES;
				ONLY_ACTIVE_ARCH = YES;
				SDKROOT = iphoneos;
				SWIFT_ACTIVE_COMPILATION_CONDITIONS = DEBUG;
				SWIFT_OPTIMIZATION_LEVEL = "-Onone";
			};
			name = Debug;
		};
		6EA671492455AA97007715F3 /* Release */ = {
			isa = XCBuildConfiguration;
			buildSettings = {
				ALWAYS_SEARCH_USER_PATHS = NO;
				CLANG_ANALYZER_NONNULL = YES;
				CLANG_ANALYZER_NUMBER_OBJECT_CONVERSION = YES_AGGRESSIVE;
				CLANG_CXX_LANGUAGE_STANDARD = "gnu++14";
				CLANG_CXX_LIBRARY = "libc++";
				CLANG_ENABLE_MODULES = YES;
				CLANG_ENABLE_OBJC_ARC = YES;
				CLANG_ENABLE_OBJC_WEAK = YES;
				CLANG_WARN_BLOCK_CAPTURE_AUTORELEASING = YES;
				CLANG_WARN_BOOL_CONVERSION = YES;
				CLANG_WARN_COMMA = YES;
				CLANG_WARN_CONSTANT_CONVERSION = YES;
				CLANG_WARN_DEPRECATED_OBJC_IMPLEMENTATIONS = YES;
				CLANG_WARN_DIRECT_OBJC_ISA_USAGE = YES_ERROR;
				CLANG_WARN_DOCUMENTATION_COMMENTS = YES;
				CLANG_WARN_EMPTY_BODY = YES;
				CLANG_WARN_ENUM_CONVERSION = YES;
				CLANG_WARN_INFINITE_RECURSION = YES;
				CLANG_WARN_INT_CONVERSION = YES;
				CLANG_WARN_NON_LITERAL_NULL_CONVERSION = YES;
				CLANG_WARN_OBJC_IMPLICIT_RETAIN_SELF = YES;
				CLANG_WARN_OBJC_LITERAL_CONVERSION = YES;
				CLANG_WARN_OBJC_ROOT_CLASS = YES_ERROR;
				CLANG_WARN_RANGE_LOOP_ANALYSIS = YES;
				CLANG_WARN_STRICT_PROTOTYPES = YES;
				CLANG_WARN_SUSPICIOUS_MOVE = YES;
				CLANG_WARN_UNGUARDED_AVAILABILITY = YES_AGGRESSIVE;
				CLANG_WARN_UNREACHABLE_CODE = YES;
				CLANG_WARN__DUPLICATE_METHOD_MATCH = YES;
				COPY_PHASE_STRIP = NO;
				DEBUG_INFORMATION_FORMAT = "dwarf-with-dsym";
				ENABLE_NS_ASSERTIONS = NO;
				ENABLE_STRICT_OBJC_MSGSEND = YES;
				GCC_C_LANGUAGE_STANDARD = gnu11;
				GCC_NO_COMMON_BLOCKS = YES;
				GCC_WARN_64_TO_32_BIT_CONVERSION = YES;
				GCC_WARN_ABOUT_RETURN_TYPE = YES_ERROR;
				GCC_WARN_UNDECLARED_SELECTOR = YES;
				GCC_WARN_UNINITIALIZED_AUTOS = YES_AGGRESSIVE;
				GCC_WARN_UNUSED_FUNCTION = YES;
				GCC_WARN_UNUSED_VARIABLE = YES;
				IPHONEOS_DEPLOYMENT_TARGET = 13.2;
				MTL_ENABLE_DEBUG_INFO = NO;
				MTL_FAST_MATH = YES;
				SDKROOT = iphoneos;
				SWIFT_COMPILATION_MODE = wholemodule;
				SWIFT_OPTIMIZATION_LEVEL = "-O";
				VALIDATE_PRODUCT = YES;
			};
			name = Release;
		};
		6EA6714B2455AA97007715F3 /* Debug */ = {
			isa = XCBuildConfiguration;
			buildSettings = {
				ASSETCATALOG_COMPILER_APPICON_NAME = AppIcon;
				CODE_SIGN_STYLE = Automatic;
				DEVELOPMENT_TEAM = 929Q259X67;
				INFOPLIST_FILE = "weather/Supporting Files/Info.plist";
				LD_RUNPATH_SEARCH_PATHS = (
					"$(inherited)",
					"@executable_path/Frameworks",
				);
				PRODUCT_BUNDLE_IDENTIFIER = tramzaika.weather;
				PRODUCT_NAME = "$(TARGET_NAME)";
				SWIFT_VERSION = 5.0;
				TARGETED_DEVICE_FAMILY = "1,2";
			};
			name = Debug;
		};
		6EA6714C2455AA97007715F3 /* Release */ = {
			isa = XCBuildConfiguration;
			buildSettings = {
				ASSETCATALOG_COMPILER_APPICON_NAME = AppIcon;
				CODE_SIGN_STYLE = Automatic;
				DEVELOPMENT_TEAM = 929Q259X67;
				INFOPLIST_FILE = "weather/Supporting Files/Info.plist";
				LD_RUNPATH_SEARCH_PATHS = (
					"$(inherited)",
					"@executable_path/Frameworks",
				);
				PRODUCT_BUNDLE_IDENTIFIER = tramzaika.weather;
				PRODUCT_NAME = "$(TARGET_NAME)";
				SWIFT_VERSION = 5.0;
				TARGETED_DEVICE_FAMILY = "1,2";
			};
			name = Release;
		};
/* End XCBuildConfiguration section */

/* Begin XCConfigurationList section */
		6EA6712E2455AA95007715F3 /* Build configuration list for PBXProject "weather" */ = {
			isa = XCConfigurationList;
			buildConfigurations = (
				6EA671482455AA97007715F3 /* Debug */,
				6EA671492455AA97007715F3 /* Release */,
			);
			defaultConfigurationIsVisible = 0;
			defaultConfigurationName = Release;
		};
		6EA6714A2455AA97007715F3 /* Build configuration list for PBXNativeTarget "weather" */ = {
			isa = XCConfigurationList;
			buildConfigurations = (
				6EA6714B2455AA97007715F3 /* Debug */,
				6EA6714C2455AA97007715F3 /* Release */,
			);
			defaultConfigurationIsVisible = 0;
			defaultConfigurationName = Release;
		};
/* End XCConfigurationList section */

/* Begin XCVersionGroup section */
		6EA6713F2455AA95007715F3 /* weather.xcdatamodeld */ = {
			isa = XCVersionGroup;
			children = (
				6EA671402455AA95007715F3 /* weather.xcdatamodel */,
			);
			currentVersion = 6EA671402455AA95007715F3 /* weather.xcdatamodel */;
			path = weather.xcdatamodeld;
			sourceTree = "<group>";
			versionGroupType = wrapper.xcdatamodel;
		};
/* End XCVersionGroup section */
	};
	rootObject = 6EA6712B2455AA95007715F3 /* Project object */;
}
